# @generated - this file is auto-generated by `mise lock` https://mise.jdx.dev/dev-tools/mise-lock.html

[[tools.betterleaks]]
version = "1.7.4"
backend = "aqua:betterleaks/betterleaks"

[tools.betterleaks."platforms.linux-arm64"]
checksum = "sha256:038d8379935fb6699e12c2c95d0d4901a1ef420cbc553b7c4d4710570d03024e"
url = "https://github.com/betterleaks/betterleaks/releases/download/v1.7.4/betterleaks_1.7.4_linux_arm64.tar.gz"
url_api = "https://api.github.com/repos/betterleaks/betterleaks/releases/assets/508893143"
provenance = "cosign"

[tools.betterleaks."platforms.linux-arm64-musl"]
checksum = "sha256:038d8379935fb6699e12c2c95d0d4901a1ef420cbc553b7c4d4710570d03024e"
url = "https://github.com/betterleaks/betterleaks/releases/download/v1.7.4/betterleaks_1.7.4_linux_arm64.tar.gz"
url_api = "https://api.github.com/repos/betterleaks/betterleaks/releases/assets/508893143"
provenance = "cosign"

[tools.betterleaks."platforms.linux-x64"]
checksum = "sha256:9ed7739a39a26a2217f38726bff8a8f4fe079d3b21272caa7959823ccc444d96"
url = "https://github.com/betterleaks/betterleaks/releases/download/v1.7.4/betterleaks_1.7.4_linux_x64.tar.gz"
url_api = "https://api.github.com/repos/betterleaks/betterleaks/releases/assets/508893151"
provenance = "cosign"

[tools.betterleaks."platforms.linux-x64-musl"]
checksum = "sha256:9ed7739a39a26a2217f38726bff8a8f4fe079d3b21272caa7959823ccc444d96"
url = "https://github.com/betterleaks/betterleaks/releases/download/v1.7.4/betterleaks_1.7.4_linux_x64.tar.gz"
url_api = "https://api.github.com/repos/betterleaks/betterleaks/releases/assets/508893151"
provenance = "cosign"

[tools.betterleaks."platforms.macos-arm64"]
checksum = "sha256:9d68ab4a009a26f3f35131f321ddff11e53aaa5608a1633308836a802fe2f732"
url = "https://github.com/betterleaks/betterleaks/releases/download/v1.7.4/betterleaks_1.7.4_darwin_arm64.tar.gz"
url_api = "https://api.github.com/repos/betterleaks/betterleaks/releases/assets/508893148"
provenance = "cosign"

[tools.betterleaks."platforms.macos-x64"]
checksum = "sha256:36afd22f9cfc90c1de83a9fd4a6181e3d9a7ca473783bcfed826998a64029e11"
url = "https://github.com/betterleaks/betterleaks/releases/download/v1.7.4/betterleaks_1.7.4_darwin_x64.tar.gz"
url_api = "https://api.github.com/repos/betterleaks/betterleaks/releases/assets/508893142"
provenance = "cosign"

[tools.betterleaks."platforms.windows-x64"]
checksum = "sha256:085cc79a0cdf1dc86bcf087b2bfbd337dd996fd55bfc3f9e63f9f5144437e2b2"
url = "https://github.com/betterleaks/betterleaks/releases/download/v1.7.4/betterleaks_1.7.4_windows_x64.zip"
url_api = "https://api.github.com/repos/betterleaks/betterleaks/releases/assets/508893178"
provenance = "cosign"

[[tools.editorconfig-checker]]
version = "3.11.1"
backend = "aqua:editorconfig-checker/editorconfig-checker"

[tools.editorconfig-checker."platforms.linux-arm64"]
checksum = "sha256:073d5263f0c5953f3e847df44a84403ecc284ab77419de56e280ab92bc082e8d"
url = "https://github.com/editorconfig-checker/editorconfig-checker/releases/download/v3.11.1/ec-linux-arm64.tar.gz"
url_api = "https://api.github.com/repos/editorconfig-checker/editorconfig-checker/releases/assets/506306098"

[tools.editorconfig-checker."platforms.linux-arm64-musl"]
checksum = "sha256:073d5263f0c5953f3e847df44a84403ecc284ab77419de56e280ab92bc082e8d"
url = "https://github.com/editorconfig-checker/editorconfig-checker/releases/download/v3.11.1/ec-linux-arm64.tar.gz"
url_api = "https://api.github.com/repos/editorconfig-checker/editorconfig-checker/releases/assets/506306098"

[tools.editorconfig-checker."platforms.linux-x64"]
checksum = "sha256:5a37922963248451e88149251e49f6ae08f69717a3918202a51fe9945e19691e"
url = "https://github.com/editorconfig-checker/editorconfig-checker/releases/download/v3.11.1/ec-linux-amd64.tar.gz"
url_api = "https://api.github.com/repos/editorconfig-checker/editorconfig-checker/releases/assets/506306099"

[tools.editorconfig-checker."platforms.linux-x64-musl"]
checksum = "sha256:5a37922963248451e88149251e49f6ae08f69717a3918202a51fe9945e19691e"
url = "https://github.com/editorconfig-checker/editorconfig-checker/releases/download/v3.11.1/ec-linux-amd64.tar.gz"
url_api = "https://api.github.com/repos/editorconfig-checker/editorconfig-checker/releases/assets/506306099"

[tools.editorconfig-checker."platforms.macos-arm64"]
checksum = "sha256:69205598fe8b26677d31194c5c9fdf7e8be321909ffb3c99efb5c9e4e648583e"
url = "https://github.com/editorconfig-checker/editorconfig-checker/releases/download/v3.11.1/ec-darwin-arm64.tar.gz"
url_api = "https://api.github.com/repos/editorconfig-checker/editorconfig-checker/releases/assets/506306097"

[tools.editorconfig-checker."platforms.macos-x64"]
checksum = "sha256:a9f68961e33d1a3b3f134c403557c8b2bbafb70b21b4c32b5d9245ffc2875f4f"
url = "https://github.com/editorconfig-checker/editorconfig-checker/releases/download/v3.11.1/ec-darwin-amd64.tar.gz"
url_api = "https://api.github.com/repos/editorconfig-checker/editorconfig-checker/releases/assets/506306114"

[tools.editorconfig-checker."platforms.windows-x64"]
checksum = "sha256:6f81f034bbaf77d7ea73274aa7d33995baf9e0d91bc4d4caa8eccff4645f870e"
url = "https://github.com/editorconfig-checker/editorconfig-checker/releases/download/v3.11.1/ec-windows-amd64.zip"
url_api = "https://api.github.com/repos/editorconfig-checker/editorconfig-checker/releases/assets/506306105"

[[tools.shellcheck]]
version = "0.11.0"
backend = "aqua:koalaman/shellcheck"

[tools.shellcheck."platforms.linux-arm64"]
checksum = "sha256:12b331c1d2db6b9eb13cfca64306b1b157a86eb69db83023e261eaa7e7c14588"
url = "https://github.com/koalaman/shellcheck/releases/download/v0.11.0/shellcheck-v0.11.0.linux.aarch64.tar.xz"
url_api = "https://api.github.com/repos/koalaman/shellcheck/releases/assets/279056934"

[tools.shellcheck."platforms.linux-arm64-musl"]
checksum = "sha256:12b331c1d2db6b9eb13cfca64306b1b157a86eb69db83023e261eaa7e7c14588"
url = "https://github.com/koalaman/shellcheck/releases/download/v0.11.0/shellcheck-v0.11.0.linux.aarch64.tar.xz"
url_api = "https://api.github.com/repos/koalaman/shellcheck/releases/assets/279056934"

[tools.shellcheck."platforms.linux-x64"]
checksum = "sha256:8c3be12b05d5c177a04c29e3c78ce89ac86f1595681cab149b65b97c4e227198"
url = "https://github.com/koalaman/shellcheck/releases/download/v0.11.0/shellcheck-v0.11.0.linux.x86_64.tar.xz"
url_api = "https://api.github.com/repos/koalaman/shellcheck/releases/assets/279056942"

[tools.shellcheck."platforms.linux-x64-musl"]
checksum = "sha256:8c3be12b05d5c177a04c29e3c78ce89ac86f1595681cab149b65b97c4e227198"
url = "https://github.com/koalaman/shellcheck/releases/download/v0.11.0/shellcheck-v0.11.0.linux.x86_64.tar.xz"
url_api = "https://api.github.com/repos/koalaman/shellcheck/releases/assets/279056942"

[tools.shellcheck."platforms.macos-arm64"]
checksum = "sha256:56affdd8de5527894dca6dc3d7e0a99a873b0f004d7aabc30ae407d3f48b0a79"
url = "https://github.com/koalaman/shellcheck/releases/download/v0.11.0/shellcheck-v0.11.0.darwin.aarch64.tar.xz"
url_api = "https://api.github.com/repos/koalaman/shellcheck/releases/assets/279056932"

[tools.shellcheck."platforms.macos-x64"]
checksum = "sha256:3c89db4edcab7cf1c27bff178882e0f6f27f7afdf54e859fa041fca10febe4c6"
url = "https://github.com/koalaman/shellcheck/releases/download/v0.11.0/shellcheck-v0.11.0.darwin.x86_64.tar.xz"
url_api = "https://api.github.com/repos/koalaman/shellcheck/releases/assets/279056930"

[tools.shellcheck."platforms.windows-x64"]
checksum = "sha256:8a4e35ab0b331c85d73567b12f2a444df187f483e5079ceffa6bda1faa2e740e"
url = "https://github.com/koalaman/shellcheck/releases/download/v0.11.0/shellcheck-v0.11.0.zip"
url_api = "https://api.github.com/repos/koalaman/shellcheck/releases/assets/279056944"

[[tools.shfmt]]
version = "3.13.1"
backend = "aqua:mvdan/sh"

[tools.shfmt."platforms.linux-arm64"]
checksum = "sha256:32d92acaa5cd8abb29fc49dac123dc412442d5713967819d8af2c29f1b3857c7"
url = "https://github.com/mvdan/sh/releases/download/v3.13.1/shfmt_v3.13.1_linux_arm64"
url_api = "https://api.github.com/repos/mvdan/sh/releases/assets/390322859"

[tools.shfmt."platforms.linux-arm64-musl"]
checksum = "sha256:32d92acaa5cd8abb29fc49dac123dc412442d5713967819d8af2c29f1b3857c7"
url = "https://github.com/mvdan/sh/releases/download/v3.13.1/shfmt_v3.13.1_linux_arm64"
url_api = "https://api.github.com/repos/mvdan/sh/releases/assets/390322859"

[tools.shfmt."platforms.linux-x64"]
checksum = "sha256:fb096c5d1ac6beabbdbaa2874d025badb03ee07929f0c9ff67563ce8c75398b1"
url = "https://github.com/mvdan/sh/releases/download/v3.13.1/shfmt_v3.13.1_linux_amd64"
url_api = "https://api.github.com/repos/mvdan/sh/releases/assets/390322866"

[tools.shfmt."platforms.linux-x64-musl"]
checksum = "sha256:fb096c5d1ac6beabbdbaa2874d025badb03ee07929f0c9ff67563ce8c75398b1"
url = "https://github.com/mvdan/sh/releases/download/v3.13.1/shfmt_v3.13.1_linux_amd64"
url_api = "https://api.github.com/repos/mvdan/sh/releases/assets/390322866"

[tools.shfmt."platforms.macos-arm64"]
checksum = "sha256:9680526be4a66ea1ffe988ed08af58e1400fe1e4f4aef5bd88b20bb9b3da33f8"
url = "https://github.com/mvdan/sh/releases/download/v3.13.1/shfmt_v3.13.1_darwin_arm64"
url_api = "https://api.github.com/repos/mvdan/sh/releases/assets/390322881"

[tools.shfmt."platforms.macos-x64"]
checksum = "sha256:6feedafc72915794163114f512348e2437d080d0047ef8b8fa2ec63b575f12af"
url = "https://github.com/mvdan/sh/releases/download/v3.13.1/shfmt_v3.13.1_darwin_amd64"
url_api = "https://api.github.com/repos/mvdan/sh/releases/assets/390322886"

[tools.shfmt."platforms.windows-x64"]
checksum = "sha256:60cd368533d0ad73fa86d93d5bbf95ef40587245ce684ed138c1b31557b5fe97"
url = "https://github.com/mvdan/sh/releases/download/v3.13.1/shfmt_v3.13.1_windows_amd64.exe"
url_api = "https://api.github.com/repos/mvdan/sh/releases/assets/390322844"
