# @generated - this file is auto-generated by `mise lock` https://mise.en.dev/dev-tools/mise-lock.html

[[tools.aqua]]
version = "2.62.3"
backend = "github:aquaproj/aqua"

[tools.aqua."platforms.linux-arm64"]
checksum = "sha256:a6b485fc465cd9317a2d8421bd145d4364606690fa49840347eca9ec84223fa9"
url = "https://github.com/aquaproj/aqua/releases/download/v2.62.3/aqua_linux_arm64.tar.gz"
url_api = "https://api.github.com/repos/aquaproj/aqua/releases/assets/498541918"
provenance = "github-attestations"

[tools.aqua."platforms.linux-arm64-musl"]
checksum = "sha256:a6b485fc465cd9317a2d8421bd145d4364606690fa49840347eca9ec84223fa9"
url = "https://github.com/aquaproj/aqua/releases/download/v2.62.3/aqua_linux_arm64.tar.gz"
url_api = "https://api.github.com/repos/aquaproj/aqua/releases/assets/498541918"
provenance = "github-attestations"

[tools.aqua."platforms.linux-x64"]
checksum = "sha256:89cb081adb19e425b1dca6b16d912c349a43535ce88d8713050738c9263618d0"
url = "https://github.com/aquaproj/aqua/releases/download/v2.62.3/aqua_linux_amd64.tar.gz"
url_api = "https://api.github.com/repos/aquaproj/aqua/releases/assets/498541913"
provenance = "github-attestations"

[tools.aqua."platforms.linux-x64-musl"]
checksum = "sha256:89cb081adb19e425b1dca6b16d912c349a43535ce88d8713050738c9263618d0"
url = "https://github.com/aquaproj/aqua/releases/download/v2.62.3/aqua_linux_amd64.tar.gz"
url_api = "https://api.github.com/repos/aquaproj/aqua/releases/assets/498541913"
provenance = "github-attestations"

[tools.aqua."platforms.macos-arm64"]
checksum = "sha256:e6a5831dd12b5d571716aa8b81d799abb09278a9b83b751ed93e74c687b9c9df"
url = "https://github.com/aquaproj/aqua/releases/download/v2.62.3/aqua_darwin_arm64.tar.gz"
url_api = "https://api.github.com/repos/aquaproj/aqua/releases/assets/498541903"
provenance = "github-attestations"
provenance_verified = true

[tools.aqua."platforms.macos-x64"]
checksum = "sha256:b9144f0387538e8a08cf7c2325ec3b5263b73fbba1c50da933cd36ffc534d280"
url = "https://github.com/aquaproj/aqua/releases/download/v2.62.3/aqua_darwin_amd64.tar.gz"
url_api = "https://api.github.com/repos/aquaproj/aqua/releases/assets/498541902"
provenance = "github-attestations"

[tools.aqua."platforms.windows-x64"]
checksum = "sha256:64385d576d419709ba0724005ec495ec6fb47dd42cc398b71609476c4bafffc7"
url = "https://github.com/aquaproj/aqua/releases/download/v2.62.3/aqua_windows_amd64.zip"
url_api = "https://api.github.com/repos/aquaproj/aqua/releases/assets/498541919"
provenance = "github-attestations"

[[tools."dmg:Magnus-Gille/sagascript"]]
version = "1.0.8"
backend = "dmg:Magnus-Gille/sagascript"

[[tools."dmg:block/buzz"]]
version = "0.5.2"
backend = "dmg:block/buzz"

[[tools.editorconfig-checker]]
version = "3.11.1"
backend = "aqua:editorconfig-checker/editorconfig-checker"

[tools.editorconfig-checker."platforms.linux-arm64"]
checksum = "sha256:073d5263f0c5953f3e847df44a84403ecc284ab77419de56e280ab92bc082e8d"
url = "https://github.com/editorconfig-checker/editorconfig-checker/releases/download/v3.11.1/ec-linux-arm64.tar.gz"
url_api = "https://api.github.com/repos/editorconfig-checker/editorconfig-checker/releases/assets/506306098"

[tools.editorconfig-checker."platforms.linux-arm64-musl"]
checksum = "sha256:073d5263f0c5953f3e847df44a84403ecc284ab77419de56e280ab92bc082e8d"
url = "https://github.com/editorconfig-checker/editorconfig-checker/releases/download/v3.11.1/ec-linux-arm64.tar.gz"
url_api = "https://api.github.com/repos/editorconfig-checker/editorconfig-checker/releases/assets/506306098"

[tools.editorconfig-checker."platforms.linux-x64"]
checksum = "sha256:5a37922963248451e88149251e49f6ae08f69717a3918202a51fe9945e19691e"
url = "https://github.com/editorconfig-checker/editorconfig-checker/releases/download/v3.11.1/ec-linux-amd64.tar.gz"
url_api = "https://api.github.com/repos/editorconfig-checker/editorconfig-checker/releases/assets/506306099"

[tools.editorconfig-checker."platforms.linux-x64-musl"]
checksum = "sha256:5a37922963248451e88149251e49f6ae08f69717a3918202a51fe9945e19691e"
url = "https://github.com/editorconfig-checker/editorconfig-checker/releases/download/v3.11.1/ec-linux-amd64.tar.gz"
url_api = "https://api.github.com/repos/editorconfig-checker/editorconfig-checker/releases/assets/506306099"

[tools.editorconfig-checker."platforms.macos-arm64"]
checksum = "sha256:69205598fe8b26677d31194c5c9fdf7e8be321909ffb3c99efb5c9e4e648583e"
url = "https://github.com/editorconfig-checker/editorconfig-checker/releases/download/v3.11.1/ec-darwin-arm64.tar.gz"
url_api = "https://api.github.com/repos/editorconfig-checker/editorconfig-checker/releases/assets/506306097"

[tools.editorconfig-checker."platforms.macos-x64"]
checksum = "sha256:a9f68961e33d1a3b3f134c403557c8b2bbafb70b21b4c32b5d9245ffc2875f4f"
url = "https://github.com/editorconfig-checker/editorconfig-checker/releases/download/v3.11.1/ec-darwin-amd64.tar.gz"
url_api = "https://api.github.com/repos/editorconfig-checker/editorconfig-checker/releases/assets/506306114"

[tools.editorconfig-checker."platforms.windows-x64"]
checksum = "sha256:6f81f034bbaf77d7ea73274aa7d33995baf9e0d91bc4d4caa8eccff4645f870e"
url = "https://github.com/editorconfig-checker/editorconfig-checker/releases/download/v3.11.1/ec-windows-amd64.zip"
url_api = "https://api.github.com/repos/editorconfig-checker/editorconfig-checker/releases/assets/506306105"


[[tools.gradle]]
version = "9.7.0"
backend = "aqua:gradle/gradle"

[tools.gradle."platforms.linux-arm64"]
checksum = "sha256:84fbba45c7f4c64abc77460e1c00f541e9f960e3c7ed2538f1ede19eacd873ae"
url = "https://github.com/gradle/gradle-distributions/releases/download/v9.7.0/gradle-9.7.0-bin.zip"
url_api = "https://api.github.com/repos/gradle/gradle-distributions/releases/assets/504018983"

[tools.gradle."platforms.linux-arm64-musl"]
checksum = "sha256:84fbba45c7f4c64abc77460e1c00f541e9f960e3c7ed2538f1ede19eacd873ae"
url = "https://github.com/gradle/gradle-distributions/releases/download/v9.7.0/gradle-9.7.0-bin.zip"
url_api = "https://api.github.com/repos/gradle/gradle-distributions/releases/assets/504018983"

[tools.gradle."platforms.linux-x64"]
checksum = "sha256:84fbba45c7f4c64abc77460e1c00f541e9f960e3c7ed2538f1ede19eacd873ae"
url = "https://github.com/gradle/gradle-distributions/releases/download/v9.7.0/gradle-9.7.0-bin.zip"
url_api = "https://api.github.com/repos/gradle/gradle-distributions/releases/assets/504018983"

[tools.gradle."platforms.linux-x64-musl"]
checksum = "sha256:84fbba45c7f4c64abc77460e1c00f541e9f960e3c7ed2538f1ede19eacd873ae"
url = "https://github.com/gradle/gradle-distributions/releases/download/v9.7.0/gradle-9.7.0-bin.zip"
url_api = "https://api.github.com/repos/gradle/gradle-distributions/releases/assets/504018983"

[tools.gradle."platforms.macos-arm64"]
checksum = "sha256:84fbba45c7f4c64abc77460e1c00f541e9f960e3c7ed2538f1ede19eacd873ae"
url = "https://github.com/gradle/gradle-distributions/releases/download/v9.7.0/gradle-9.7.0-bin.zip"
url_api = "https://api.github.com/repos/gradle/gradle-distributions/releases/assets/504018983"

[tools.gradle."platforms.macos-x64"]
checksum = "sha256:84fbba45c7f4c64abc77460e1c00f541e9f960e3c7ed2538f1ede19eacd873ae"
url = "https://github.com/gradle/gradle-distributions/releases/download/v9.7.0/gradle-9.7.0-bin.zip"
url_api = "https://api.github.com/repos/gradle/gradle-distributions/releases/assets/504018983"

[tools.gradle."platforms.windows-x64"]
checksum = "sha256:84fbba45c7f4c64abc77460e1c00f541e9f960e3c7ed2538f1ede19eacd873ae"
url = "https://github.com/gradle/gradle-distributions/releases/download/v9.7.0/gradle-9.7.0-bin.zip"
url_api = "https://api.github.com/repos/gradle/gradle-distributions/releases/assets/504018983"

[[tools.java]]
version = "26.0.2+10"
backend = "core:java"

[tools.java.options]
shorthand_vendor = "temurin"

[tools.java."platforms.linux-arm64"]
checksum = "sha256:f82aeb1d5b0ddb93d3bd81c20948bc560c0758993157202424c17e805e2effbb"
url = "https://github.com/adoptium/temurin26-binaries/releases/download/jdk-26.0.2%2B10/OpenJDK26U-jdk_aarch64_linux_hotspot_26.0.2_10.tar.gz"

[tools.java."platforms.linux-arm64-musl"]
checksum = "sha256:bee481d4ba078ac1aaa741541bb0b99de876d679ccc80f9685710b72bc7b04f1"
url = "https://github.com/adoptium/temurin26-binaries/releases/download/jdk-26.0.2%2B10/OpenJDK26U-jdk_aarch64_alpine-linux_hotspot_26.0.2_10.tar.gz"

[tools.java."platforms.linux-x64"]
checksum = "sha256:56f768372f6ca1e2eb4c5f46b78f627949e8dcfe9c9723926cf45a45faf35802"
url = "https://github.com/adoptium/temurin26-binaries/releases/download/jdk-26.0.2%2B10/OpenJDK26U-jdk_x64_linux_hotspot_26.0.2_10.tar.gz"

[tools.java."platforms.linux-x64-musl"]
checksum = "sha256:88caf27ab9f2a15a52a114ea18fa20c518ccc325b5ba4bb5fd6c42c56b581498"
url = "https://github.com/adoptium/temurin26-binaries/releases/download/jdk-26.0.2%2B10/OpenJDK26U-jdk_x64_alpine-linux_hotspot_26.0.2_10.tar.gz"

[tools.java."platforms.macos-arm64"]
checksum = "sha256:4c9255ed5a9fa84ad6e25675bac6ba6a4906fc7878169d7369a1424157b50256"
url = "https://github.com/adoptium/temurin26-binaries/releases/download/jdk-26.0.2%2B10/OpenJDK26U-jdk_aarch64_mac_hotspot_26.0.2_10.tar.gz"

[tools.java."platforms.macos-x64"]
checksum = "sha256:def6874a01072031c2c850b03b4d29d4e97772af7cc2f564f6fae03f98eb6ea9"
url = "https://github.com/adoptium/temurin26-binaries/releases/download/jdk-26.0.2%2B10/OpenJDK26U-jdk_x64_mac_hotspot_26.0.2_10.tar.gz"

[tools.java."platforms.windows-x64"]
checksum = "sha256:0b532502e29a5d2babe608069f6df2423ae5e1aa714b715b560217cf8c6ce8ff"
url = "https://github.com/adoptium/temurin26-binaries/releases/download/jdk-26.0.2%2B10/OpenJDK26U-jdk_x64_windows_hotspot_26.0.2_10.zip"

[[tools.kotlin]]
version = "2.4.10"
backend = "github:JetBrains/kotlin"

[tools.kotlin.options]
asset_pattern = "kotlin-compiler-*.zip"

[tools.kotlin."platforms.linux-arm64"]
checksum = "sha256:473dd66c7a3ef4b182065b3da670466c1bf2773a9dbb0ed8b33a39fe9d4f876d"
url = "https://github.com/JetBrains/kotlin/releases/download/v2.4.10/kotlin-compiler-2.4.10.zip"
url_api = "https://api.github.com/repos/JetBrains/kotlin/releases/assets/476575537"

[tools.kotlin."platforms.linux-arm64-musl"]
checksum = "sha256:473dd66c7a3ef4b182065b3da670466c1bf2773a9dbb0ed8b33a39fe9d4f876d"
url = "https://github.com/JetBrains/kotlin/releases/download/v2.4.10/kotlin-compiler-2.4.10.zip"
url_api = "https://api.github.com/repos/JetBrains/kotlin/releases/assets/476575537"

[tools.kotlin."platforms.linux-x64"]
checksum = "sha256:473dd66c7a3ef4b182065b3da670466c1bf2773a9dbb0ed8b33a39fe9d4f876d"
url = "https://github.com/JetBrains/kotlin/releases/download/v2.4.10/kotlin-compiler-2.4.10.zip"
url_api = "https://api.github.com/repos/JetBrains/kotlin/releases/assets/476575537"

[tools.kotlin."platforms.linux-x64-musl"]
checksum = "sha256:473dd66c7a3ef4b182065b3da670466c1bf2773a9dbb0ed8b33a39fe9d4f876d"
url = "https://github.com/JetBrains/kotlin/releases/download/v2.4.10/kotlin-compiler-2.4.10.zip"
url_api = "https://api.github.com/repos/JetBrains/kotlin/releases/assets/476575537"

[tools.kotlin."platforms.macos-arm64"]
checksum = "sha256:473dd66c7a3ef4b182065b3da670466c1bf2773a9dbb0ed8b33a39fe9d4f876d"
url = "https://github.com/JetBrains/kotlin/releases/download/v2.4.10/kotlin-compiler-2.4.10.zip"
url_api = "https://api.github.com/repos/JetBrains/kotlin/releases/assets/476575537"

[tools.kotlin."platforms.macos-x64"]
checksum = "sha256:473dd66c7a3ef4b182065b3da670466c1bf2773a9dbb0ed8b33a39fe9d4f876d"
url = "https://github.com/JetBrains/kotlin/releases/download/v2.4.10/kotlin-compiler-2.4.10.zip"
url_api = "https://api.github.com/repos/JetBrains/kotlin/releases/assets/476575537"

[tools.kotlin."platforms.windows-x64"]
checksum = "sha256:473dd66c7a3ef4b182065b3da670466c1bf2773a9dbb0ed8b33a39fe9d4f876d"
url = "https://github.com/JetBrains/kotlin/releases/download/v2.4.10/kotlin-compiler-2.4.10.zip"
url_api = "https://api.github.com/repos/JetBrains/kotlin/releases/assets/476575537"

[[tools.kscript]]
version = "4.2.3"
backend = "github:kscripting/kscript"

[tools.kscript."platforms.linux-arm64"]
url = "https://github.com/kscripting/kscript/releases/download/v4.2.3/kscript-4.2.3-bin.zip"
url_api = "https://api.github.com/repos/kscripting/kscript/releases/assets/118125337"

[tools.kscript."platforms.linux-arm64-musl"]
url = "https://github.com/kscripting/kscript/releases/download/v4.2.3/kscript-4.2.3-bin.zip"
url_api = "https://api.github.com/repos/kscripting/kscript/releases/assets/118125337"

[tools.kscript."platforms.linux-x64"]
url = "https://github.com/kscripting/kscript/releases/download/v4.2.3/kscript-4.2.3-bin.zip"
url_api = "https://api.github.com/repos/kscripting/kscript/releases/assets/118125337"

[tools.kscript."platforms.linux-x64-musl"]
url = "https://github.com/kscripting/kscript/releases/download/v4.2.3/kscript-4.2.3-bin.zip"
url_api = "https://api.github.com/repos/kscripting/kscript/releases/assets/118125337"

[tools.kscript."platforms.macos-arm64"]
url = "https://github.com/kscripting/kscript/releases/download/v4.2.3/kscript-4.2.3-bin.zip"
url_api = "https://api.github.com/repos/kscripting/kscript/releases/assets/118125337"

[tools.kscript."platforms.macos-x64"]
url = "https://github.com/kscripting/kscript/releases/download/v4.2.3/kscript-4.2.3-bin.zip"
url_api = "https://api.github.com/repos/kscripting/kscript/releases/assets/118125337"

[tools.kscript."platforms.windows-x64"]
url = "https://github.com/kscripting/kscript/releases/download/v4.2.3/kscript-4.2.3-bin.zip"
url_api = "https://api.github.com/repos/kscripting/kscript/releases/assets/118125337"

[[tools.maven]]
version = "3.9.16"
backend = "aqua:apache/maven"

[tools.maven."platforms.linux-arm64"]
checksum = "sha512:831a8591fe20c8243b1dbe7d71e3244f31d1665b0804b2e825e38cbbe5ce0cafb8338851f90780735568773e0a6cd07bbec107cda0b896b008b861075358b6f6"
url = "https://archive.apache.org/dist/maven/maven-3/3.9.16/binaries/apache-maven-3.9.16-bin.tar.gz"

[tools.maven."platforms.linux-arm64-musl"]
checksum = "sha512:831a8591fe20c8243b1dbe7d71e3244f31d1665b0804b2e825e38cbbe5ce0cafb8338851f90780735568773e0a6cd07bbec107cda0b896b008b861075358b6f6"
url = "https://archive.apache.org/dist/maven/maven-3/3.9.16/binaries/apache-maven-3.9.16-bin.tar.gz"

[tools.maven."platforms.linux-x64"]
checksum = "sha512:831a8591fe20c8243b1dbe7d71e3244f31d1665b0804b2e825e38cbbe5ce0cafb8338851f90780735568773e0a6cd07bbec107cda0b896b008b861075358b6f6"
url = "https://archive.apache.org/dist/maven/maven-3/3.9.16/binaries/apache-maven-3.9.16-bin.tar.gz"

[tools.maven."platforms.linux-x64-musl"]
checksum = "sha512:831a8591fe20c8243b1dbe7d71e3244f31d1665b0804b2e825e38cbbe5ce0cafb8338851f90780735568773e0a6cd07bbec107cda0b896b008b861075358b6f6"
url = "https://archive.apache.org/dist/maven/maven-3/3.9.16/binaries/apache-maven-3.9.16-bin.tar.gz"

[tools.maven."platforms.macos-arm64"]
checksum = "sha512:831a8591fe20c8243b1dbe7d71e3244f31d1665b0804b2e825e38cbbe5ce0cafb8338851f90780735568773e0a6cd07bbec107cda0b896b008b861075358b6f6"
url = "https://archive.apache.org/dist/maven/maven-3/3.9.16/binaries/apache-maven-3.9.16-bin.tar.gz"

[tools.maven."platforms.macos-x64"]
checksum = "sha512:831a8591fe20c8243b1dbe7d71e3244f31d1665b0804b2e825e38cbbe5ce0cafb8338851f90780735568773e0a6cd07bbec107cda0b896b008b861075358b6f6"
url = "https://archive.apache.org/dist/maven/maven-3/3.9.16/binaries/apache-maven-3.9.16-bin.tar.gz"

[tools.maven."platforms.windows-x64"]
checksum = "sha512:831a8591fe20c8243b1dbe7d71e3244f31d1665b0804b2e825e38cbbe5ce0cafb8338851f90780735568773e0a6cd07bbec107cda0b896b008b861075358b6f6"
url = "https://archive.apache.org/dist/maven/maven-3/3.9.16/binaries/apache-maven-3.9.16-bin.tar.gz"

[[tools.micronaut]]
version = "5.1.0"
backend = "github:micronaut-projects/micronaut-starter"

[tools.micronaut."platforms.linux-arm64"]
checksum = "sha256:60fedaa14daca22a9e4d24498510076923344294ad1f60ed9438fb5572ae23ef"
url = "https://github.com/micronaut-projects/micronaut-starter/releases/download/v5.1.0/micronaut-cli-5.1.0.zip"
url_api = "https://api.github.com/repos/micronaut-projects/micronaut-starter/releases/assets/491823191"

[tools.micronaut."platforms.linux-arm64-musl"]
checksum = "sha256:60fedaa14daca22a9e4d24498510076923344294ad1f60ed9438fb5572ae23ef"
url = "https://github.com/micronaut-projects/micronaut-starter/releases/download/v5.1.0/micronaut-cli-5.1.0.zip"
url_api = "https://api.github.com/repos/micronaut-projects/micronaut-starter/releases/assets/491823191"

[tools.micronaut."platforms.linux-x64"]
checksum = "sha256:275c6813a7c854edb6f1d27dfbad608a3ad269e6104ad80eed525e70c4cc1086"
url = "https://github.com/micronaut-projects/micronaut-starter/releases/download/v5.1.0/mn-linux-amd64-v5.1.0.zip"
url_api = "https://api.github.com/repos/micronaut-projects/micronaut-starter/releases/assets/491832086"

[tools.micronaut."platforms.linux-x64-musl"]
checksum = "sha256:275c6813a7c854edb6f1d27dfbad608a3ad269e6104ad80eed525e70c4cc1086"
url = "https://github.com/micronaut-projects/micronaut-starter/releases/download/v5.1.0/mn-linux-amd64-v5.1.0.zip"
url_api = "https://api.github.com/repos/micronaut-projects/micronaut-starter/releases/assets/491832086"

[tools.micronaut."platforms.macos-arm64"]
checksum = "sha256:a76fd1185379727bb7e6d8085524911838443e6c6ce8d1d727d439b31154dd61"
url = "https://github.com/micronaut-projects/micronaut-starter/releases/download/v5.1.0/mn-darwin-aarch64-v5.1.0.zip"
url_api = "https://api.github.com/repos/micronaut-projects/micronaut-starter/releases/assets/491846718"

[tools.micronaut."platforms.macos-x64"]
checksum = "sha256:cb2569db41a58c3927d56efacc59a409d876c8d4a8dfc990d0ae7a57737d3578"
url = "https://github.com/micronaut-projects/micronaut-starter/releases/download/v5.1.0/mn-darwin-amd64-v5.1.0.zip"
url_api = "https://api.github.com/repos/micronaut-projects/micronaut-starter/releases/assets/491832186"

[tools.micronaut."platforms.windows-x64"]
checksum = "sha256:f5b2ef899fdcd9ff8a3e53f5ba558c5b6f0cdc3bd8a3e949e91f8e0b2343b6fc"
url = "https://github.com/micronaut-projects/micronaut-starter/releases/download/v5.1.0/mn-win-amd64-v5.1.0.zip"
url_api = "https://api.github.com/repos/micronaut-projects/micronaut-starter/releases/assets/491837375"

[[tools.spring-boot]]
version = "4.1.0"
backend = "asdf:spring-boot"
