# @generated - this file is auto-generated by `mise lock` https://mise.en.dev/dev-tools/mise-lock.html

[[tools.aqua]]
version = "2.62.1"
backend = "github:aquaproj/aqua"

[tools.aqua."platforms.linux-arm64"]
checksum = "sha256:bbfd9733d85e807049e66a256499d2f30f83d910d928e2f4bfa8a05f4626644d"
url = "https://github.com/aquaproj/aqua/releases/download/v2.62.1/aqua_linux_arm64.tar.gz"
url_api = "https://api.github.com/repos/aquaproj/aqua/releases/assets/484796772"
provenance = "github-attestations"

[tools.aqua."platforms.linux-arm64-musl"]
checksum = "sha256:bbfd9733d85e807049e66a256499d2f30f83d910d928e2f4bfa8a05f4626644d"
url = "https://github.com/aquaproj/aqua/releases/download/v2.62.1/aqua_linux_arm64.tar.gz"
url_api = "https://api.github.com/repos/aquaproj/aqua/releases/assets/484796772"
provenance = "github-attestations"

[tools.aqua."platforms.linux-x64"]
checksum = "sha256:ddbbc4d737de5836467cf80eb316e3c468c74012c134fe2799ac37d95d3ca7b8"
url = "https://github.com/aquaproj/aqua/releases/download/v2.62.1/aqua_linux_amd64.tar.gz"
url_api = "https://api.github.com/repos/aquaproj/aqua/releases/assets/484796761"
provenance = "github-attestations"

[tools.aqua."platforms.linux-x64-musl"]
checksum = "sha256:ddbbc4d737de5836467cf80eb316e3c468c74012c134fe2799ac37d95d3ca7b8"
url = "https://github.com/aquaproj/aqua/releases/download/v2.62.1/aqua_linux_amd64.tar.gz"
url_api = "https://api.github.com/repos/aquaproj/aqua/releases/assets/484796761"
provenance = "github-attestations"

[tools.aqua."platforms.macos-arm64"]
checksum = "sha256:503951fae771c8c6fb9467346339afa71a5756afc997e6f19ea9856ae83dbb0e"
url = "https://github.com/aquaproj/aqua/releases/download/v2.62.1/aqua_darwin_arm64.tar.gz"
url_api = "https://api.github.com/repos/aquaproj/aqua/releases/assets/484796741"
provenance = "github-attestations"

[tools.aqua."platforms.macos-x64"]
checksum = "sha256:d75468ef1ba8c7d23be6e9fc8b30882a561cc91c79163162679022d369c1c2c5"
url = "https://github.com/aquaproj/aqua/releases/download/v2.62.1/aqua_darwin_amd64.tar.gz"
url_api = "https://api.github.com/repos/aquaproj/aqua/releases/assets/484796744"
provenance = "github-attestations"

[tools.aqua."platforms.windows-x64"]
checksum = "sha256:e283911dd8def160ac85c15140790033f7668bd765a551f6d32a21b066322684"
url = "https://github.com/aquaproj/aqua/releases/download/v2.62.1/aqua_windows_amd64.zip"
url_api = "https://api.github.com/repos/aquaproj/aqua/releases/assets/484796775"
provenance = "github-attestations"

[[tools.editorconfig-checker]]
version = "3.8.0"
backend = "aqua:editorconfig-checker/editorconfig-checker"

[tools.editorconfig-checker."platforms.linux-arm64"]
checksum = "sha256:5676889ac4eed1036180ffbe2aeb2062d985ac50f7e6035fe61160c6b8be2c33"
url = "https://github.com/editorconfig-checker/editorconfig-checker/releases/download/v3.8.0/ec-linux-arm64.tar.gz"
url_api = "https://api.github.com/repos/editorconfig-checker/editorconfig-checker/releases/assets/460248498"

[tools.editorconfig-checker."platforms.linux-arm64-musl"]
checksum = "sha256:5676889ac4eed1036180ffbe2aeb2062d985ac50f7e6035fe61160c6b8be2c33"
url = "https://github.com/editorconfig-checker/editorconfig-checker/releases/download/v3.8.0/ec-linux-arm64.tar.gz"
url_api = "https://api.github.com/repos/editorconfig-checker/editorconfig-checker/releases/assets/460248498"

[tools.editorconfig-checker."platforms.linux-x64"]
checksum = "sha256:613bd88f34165a334adcb6b7e92a123c9de0eada65846d31af63613b779ff3be"
url = "https://github.com/editorconfig-checker/editorconfig-checker/releases/download/v3.8.0/ec-linux-amd64.tar.gz"
url_api = "https://api.github.com/repos/editorconfig-checker/editorconfig-checker/releases/assets/460248510"

[tools.editorconfig-checker."platforms.linux-x64-musl"]
checksum = "sha256:613bd88f34165a334adcb6b7e92a123c9de0eada65846d31af63613b779ff3be"
url = "https://github.com/editorconfig-checker/editorconfig-checker/releases/download/v3.8.0/ec-linux-amd64.tar.gz"
url_api = "https://api.github.com/repos/editorconfig-checker/editorconfig-checker/releases/assets/460248510"

[tools.editorconfig-checker."platforms.macos-arm64"]
checksum = "sha256:73bbb23c24b94c9e61d7ed3694cc313943c59e5e8bc5bee9f186a997a45eb046"
url = "https://github.com/editorconfig-checker/editorconfig-checker/releases/download/v3.8.0/ec-darwin-arm64.tar.gz"
url_api = "https://api.github.com/repos/editorconfig-checker/editorconfig-checker/releases/assets/460248516"

[tools.editorconfig-checker."platforms.macos-x64"]
checksum = "sha256:ee0d45c94b9808a5aa15e08f94333a81842b456f511f29f71a8fe589b82d72a1"
url = "https://github.com/editorconfig-checker/editorconfig-checker/releases/download/v3.8.0/ec-darwin-amd64.tar.gz"
url_api = "https://api.github.com/repos/editorconfig-checker/editorconfig-checker/releases/assets/460248506"

[tools.editorconfig-checker."platforms.windows-x64"]
checksum = "sha256:7ec31e1a6a9983aa2a4942cb66dfd35e8b61e76263460413988438ae1426906a"
url = "https://github.com/editorconfig-checker/editorconfig-checker/releases/download/v3.8.0/ec-windows-amd64.zip"
url_api = "https://api.github.com/repos/editorconfig-checker/editorconfig-checker/releases/assets/460248513"

[[tools.gradle]]
version = "9.6.1"
backend = "aqua:gradle/gradle"

[tools.gradle."platforms.linux-arm64"]
checksum = "sha256:9c0f7faeeb306cb14e4279a3e084ca6b596894089a0638e68a07c945a32c9e14"
url = "https://github.com/gradle/gradle-distributions/releases/download/v9.6.1/gradle-9.6.1-bin.zip"
url_api = "https://api.github.com/repos/gradle/gradle-distributions/releases/assets/458711386"

[tools.gradle."platforms.linux-arm64-musl"]
checksum = "sha256:9c0f7faeeb306cb14e4279a3e084ca6b596894089a0638e68a07c945a32c9e14"
url = "https://github.com/gradle/gradle-distributions/releases/download/v9.6.1/gradle-9.6.1-bin.zip"
url_api = "https://api.github.com/repos/gradle/gradle-distributions/releases/assets/458711386"

[tools.gradle."platforms.linux-x64"]
checksum = "sha256:9c0f7faeeb306cb14e4279a3e084ca6b596894089a0638e68a07c945a32c9e14"
url = "https://github.com/gradle/gradle-distributions/releases/download/v9.6.1/gradle-9.6.1-bin.zip"
url_api = "https://api.github.com/repos/gradle/gradle-distributions/releases/assets/458711386"

[tools.gradle."platforms.linux-x64-musl"]
checksum = "sha256:9c0f7faeeb306cb14e4279a3e084ca6b596894089a0638e68a07c945a32c9e14"
url = "https://github.com/gradle/gradle-distributions/releases/download/v9.6.1/gradle-9.6.1-bin.zip"
url_api = "https://api.github.com/repos/gradle/gradle-distributions/releases/assets/458711386"

[tools.gradle."platforms.macos-arm64"]
checksum = "sha256:9c0f7faeeb306cb14e4279a3e084ca6b596894089a0638e68a07c945a32c9e14"
url = "https://github.com/gradle/gradle-distributions/releases/download/v9.6.1/gradle-9.6.1-bin.zip"
url_api = "https://api.github.com/repos/gradle/gradle-distributions/releases/assets/458711386"

[tools.gradle."platforms.macos-x64"]
checksum = "sha256:9c0f7faeeb306cb14e4279a3e084ca6b596894089a0638e68a07c945a32c9e14"
url = "https://github.com/gradle/gradle-distributions/releases/download/v9.6.1/gradle-9.6.1-bin.zip"
url_api = "https://api.github.com/repos/gradle/gradle-distributions/releases/assets/458711386"

[tools.gradle."platforms.windows-x64"]
checksum = "sha256:9c0f7faeeb306cb14e4279a3e084ca6b596894089a0638e68a07c945a32c9e14"
url = "https://github.com/gradle/gradle-distributions/releases/download/v9.6.1/gradle-9.6.1-bin.zip"
url_api = "https://api.github.com/repos/gradle/gradle-distributions/releases/assets/458711386"

[[tools.java]]
version = "26.0.1+8"
backend = "core:java"

[tools.java.options]
shorthand_vendor = "temurin"

[tools.java."platforms.linux-arm64"]
checksum = "sha256:613f9b2861dea937b24d5eca745ef8567733b377d0bb612195acaad0e3f61360"
url = "https://github.com/adoptium/temurin26-binaries/releases/download/jdk-26.0.1%2B8/OpenJDK26U-jdk_aarch64_linux_hotspot_26.0.1_8.tar.gz"

[tools.java."platforms.linux-arm64-musl"]
checksum = "sha256:7e32b89349385f10d7805197c7696b46556717d041e681017b12590bae6692ca"
url = "https://github.com/adoptium/temurin26-binaries/releases/download/jdk-26.0.1%2B8/OpenJDK26U-jdk_aarch64_alpine-linux_hotspot_26.0.1_8.tar.gz"

[tools.java."platforms.linux-x64"]
checksum = "sha256:8e512f13e575a43655fc92319436c94890c137b9035cc6bd6f9cf24239704d3a"
url = "https://github.com/adoptium/temurin26-binaries/releases/download/jdk-26.0.1%2B8/OpenJDK26U-jdk_x64_linux_hotspot_26.0.1_8.tar.gz"

[tools.java."platforms.linux-x64-musl"]
checksum = "sha256:0c97fe7e503fb6daf36a5e86e8d083b97cc2354cda4d11288e6c3b8ec0818afc"
url = "https://github.com/adoptium/temurin26-binaries/releases/download/jdk-26.0.1%2B8/OpenJDK26U-jdk_x64_alpine-linux_hotspot_26.0.1_8.tar.gz"

[tools.java."platforms.macos-arm64"]
checksum = "sha256:10c436258e24693ce8baf13dbffce98b77275797455e8b72510967547f13234a"
url = "https://github.com/adoptium/temurin26-binaries/releases/download/jdk-26.0.1%2B8/OpenJDK26U-jdk_aarch64_mac_hotspot_26.0.1_8.tar.gz"

[tools.java."platforms.macos-x64"]
checksum = "sha256:032df492c8749864ee8b135e3d0ea5a17ef5c847309d5fdf8f1dd55e246b8319"
url = "https://github.com/adoptium/temurin26-binaries/releases/download/jdk-26.0.1%2B8/OpenJDK26U-jdk_x64_mac_hotspot_26.0.1_8.tar.gz"

[tools.java."platforms.windows-x64"]
checksum = "sha256:81b35819085dd73a204c3219464c5f154cb111a526ec63dad793c0eefd469b3d"
url = "https://github.com/adoptium/temurin26-binaries/releases/download/jdk-26.0.1%2B8/OpenJDK26U-jdk_x64_windows_hotspot_26.0.1_8.zip"

[[tools.kotlin]]
version = "2.4.10"
backend = "github:JetBrains/kotlin"

[tools.kotlin.options]
asset_pattern = "kotlin-compiler-*.zip"

[tools.kotlin."platforms.linux-arm64"]
checksum = "sha256:473dd66c7a3ef4b182065b3da670466c1bf2773a9dbb0ed8b33a39fe9d4f876d"
url = "https://github.com/JetBrains/kotlin/releases/download/v2.4.10/kotlin-compiler-2.4.10.zip"
url_api = "https://api.github.com/repos/JetBrains/kotlin/releases/assets/476575537"

[tools.kotlin."platforms.linux-arm64-musl"]
checksum = "sha256:473dd66c7a3ef4b182065b3da670466c1bf2773a9dbb0ed8b33a39fe9d4f876d"
url = "https://github.com/JetBrains/kotlin/releases/download/v2.4.10/kotlin-compiler-2.4.10.zip"
url_api = "https://api.github.com/repos/JetBrains/kotlin/releases/assets/476575537"

[tools.kotlin."platforms.linux-x64"]
checksum = "sha256:473dd66c7a3ef4b182065b3da670466c1bf2773a9dbb0ed8b33a39fe9d4f876d"
url = "https://github.com/JetBrains/kotlin/releases/download/v2.4.10/kotlin-compiler-2.4.10.zip"
url_api = "https://api.github.com/repos/JetBrains/kotlin/releases/assets/476575537"

[tools.kotlin."platforms.linux-x64-musl"]
checksum = "sha256:473dd66c7a3ef4b182065b3da670466c1bf2773a9dbb0ed8b33a39fe9d4f876d"
url = "https://github.com/JetBrains/kotlin/releases/download/v2.4.10/kotlin-compiler-2.4.10.zip"
url_api = "https://api.github.com/repos/JetBrains/kotlin/releases/assets/476575537"

[tools.kotlin."platforms.macos-arm64"]
checksum = "sha256:473dd66c7a3ef4b182065b3da670466c1bf2773a9dbb0ed8b33a39fe9d4f876d"
url = "https://github.com/JetBrains/kotlin/releases/download/v2.4.10/kotlin-compiler-2.4.10.zip"
url_api = "https://api.github.com/repos/JetBrains/kotlin/releases/assets/476575537"

[tools.kotlin."platforms.macos-x64"]
checksum = "sha256:473dd66c7a3ef4b182065b3da670466c1bf2773a9dbb0ed8b33a39fe9d4f876d"
url = "https://github.com/JetBrains/kotlin/releases/download/v2.4.10/kotlin-compiler-2.4.10.zip"
url_api = "https://api.github.com/repos/JetBrains/kotlin/releases/assets/476575537"

[tools.kotlin."platforms.windows-x64"]
checksum = "sha256:473dd66c7a3ef4b182065b3da670466c1bf2773a9dbb0ed8b33a39fe9d4f876d"
url = "https://github.com/JetBrains/kotlin/releases/download/v2.4.10/kotlin-compiler-2.4.10.zip"
url_api = "https://api.github.com/repos/JetBrains/kotlin/releases/assets/476575537"

[[tools.kscript]]
version = "4.2.3"
backend = "github:kscripting/kscript"

[tools.kscript."platforms.linux-arm64"]
url = "https://github.com/kscripting/kscript/releases/download/v4.2.3/kscript-4.2.3-bin.zip"
url_api = "https://api.github.com/repos/kscripting/kscript/releases/assets/118125337"

[tools.kscript."platforms.linux-arm64-musl"]
url = "https://github.com/kscripting/kscript/releases/download/v4.2.3/kscript-4.2.3-bin.zip"
url_api = "https://api.github.com/repos/kscripting/kscript/releases/assets/118125337"

[tools.kscript."platforms.linux-x64"]
url = "https://github.com/kscripting/kscript/releases/download/v4.2.3/kscript-4.2.3-bin.zip"
url_api = "https://api.github.com/repos/kscripting/kscript/releases/assets/118125337"

[tools.kscript."platforms.linux-x64-musl"]
url = "https://github.com/kscripting/kscript/releases/download/v4.2.3/kscript-4.2.3-bin.zip"
url_api = "https://api.github.com/repos/kscripting/kscript/releases/assets/118125337"

[tools.kscript."platforms.macos-arm64"]
url = "https://github.com/kscripting/kscript/releases/download/v4.2.3/kscript-4.2.3-bin.zip"
url_api = "https://api.github.com/repos/kscripting/kscript/releases/assets/118125337"

[tools.kscript."platforms.macos-x64"]
url = "https://github.com/kscripting/kscript/releases/download/v4.2.3/kscript-4.2.3-bin.zip"
url_api = "https://api.github.com/repos/kscripting/kscript/releases/assets/118125337"

[tools.kscript."platforms.windows-x64"]
url = "https://github.com/kscripting/kscript/releases/download/v4.2.3/kscript-4.2.3-bin.zip"
url_api = "https://api.github.com/repos/kscripting/kscript/releases/assets/118125337"

[[tools.maven]]
version = "3.9.16"
backend = "aqua:apache/maven"

[tools.maven."platforms.linux-arm64"]
checksum = "sha512:831a8591fe20c8243b1dbe7d71e3244f31d1665b0804b2e825e38cbbe5ce0cafb8338851f90780735568773e0a6cd07bbec107cda0b896b008b861075358b6f6"
url = "https://archive.apache.org/dist/maven/maven-3/3.9.16/binaries/apache-maven-3.9.16-bin.tar.gz"

[tools.maven."platforms.linux-arm64-musl"]
checksum = "sha512:831a8591fe20c8243b1dbe7d71e3244f31d1665b0804b2e825e38cbbe5ce0cafb8338851f90780735568773e0a6cd07bbec107cda0b896b008b861075358b6f6"
url = "https://archive.apache.org/dist/maven/maven-3/3.9.16/binaries/apache-maven-3.9.16-bin.tar.gz"

[tools.maven."platforms.linux-x64"]
checksum = "sha512:831a8591fe20c8243b1dbe7d71e3244f31d1665b0804b2e825e38cbbe5ce0cafb8338851f90780735568773e0a6cd07bbec107cda0b896b008b861075358b6f6"
url = "https://archive.apache.org/dist/maven/maven-3/3.9.16/binaries/apache-maven-3.9.16-bin.tar.gz"

[tools.maven."platforms.linux-x64-musl"]
checksum = "sha512:831a8591fe20c8243b1dbe7d71e3244f31d1665b0804b2e825e38cbbe5ce0cafb8338851f90780735568773e0a6cd07bbec107cda0b896b008b861075358b6f6"
url = "https://archive.apache.org/dist/maven/maven-3/3.9.16/binaries/apache-maven-3.9.16-bin.tar.gz"

[tools.maven."platforms.macos-arm64"]
checksum = "sha512:831a8591fe20c8243b1dbe7d71e3244f31d1665b0804b2e825e38cbbe5ce0cafb8338851f90780735568773e0a6cd07bbec107cda0b896b008b861075358b6f6"
url = "https://archive.apache.org/dist/maven/maven-3/3.9.16/binaries/apache-maven-3.9.16-bin.tar.gz"

[tools.maven."platforms.macos-x64"]
checksum = "sha512:831a8591fe20c8243b1dbe7d71e3244f31d1665b0804b2e825e38cbbe5ce0cafb8338851f90780735568773e0a6cd07bbec107cda0b896b008b861075358b6f6"
url = "https://archive.apache.org/dist/maven/maven-3/3.9.16/binaries/apache-maven-3.9.16-bin.tar.gz"

[tools.maven."platforms.windows-x64"]
checksum = "sha512:831a8591fe20c8243b1dbe7d71e3244f31d1665b0804b2e825e38cbbe5ce0cafb8338851f90780735568773e0a6cd07bbec107cda0b896b008b861075358b6f6"
url = "https://archive.apache.org/dist/maven/maven-3/3.9.16/binaries/apache-maven-3.9.16-bin.tar.gz"

[[tools.micronaut]]
version = "5.0.6"
backend = "github:micronaut-projects/micronaut-starter"

[tools.micronaut."platforms.linux-arm64"]
checksum = "sha256:51db5d2d29aac8e88d1239d7b83b0372d09d1a00ad514b92bfd345f3d2f3ff8f"
url = "https://github.com/micronaut-projects/micronaut-starter/releases/download/v5.0.6/micronaut-cli-5.0.6.zip"
url_api = "https://api.github.com/repos/micronaut-projects/micronaut-starter/releases/assets/487427826"

[tools.micronaut."platforms.linux-arm64-musl"]
checksum = "sha256:51db5d2d29aac8e88d1239d7b83b0372d09d1a00ad514b92bfd345f3d2f3ff8f"
url = "https://github.com/micronaut-projects/micronaut-starter/releases/download/v5.0.6/micronaut-cli-5.0.6.zip"
url_api = "https://api.github.com/repos/micronaut-projects/micronaut-starter/releases/assets/487427826"

[tools.micronaut."platforms.linux-x64"]
checksum = "sha256:653956fbdce0f9cfcf0be679e59352bbb369e723afbb983945a86d4d0cfbc395"
url = "https://github.com/micronaut-projects/micronaut-starter/releases/download/v5.0.6/mn-linux-amd64-v5.0.6.zip"
url_api = "https://api.github.com/repos/micronaut-projects/micronaut-starter/releases/assets/487437989"

[tools.micronaut."platforms.linux-x64-musl"]
checksum = "sha256:653956fbdce0f9cfcf0be679e59352bbb369e723afbb983945a86d4d0cfbc395"
url = "https://github.com/micronaut-projects/micronaut-starter/releases/download/v5.0.6/mn-linux-amd64-v5.0.6.zip"
url_api = "https://api.github.com/repos/micronaut-projects/micronaut-starter/releases/assets/487437989"

[tools.micronaut."platforms.macos-arm64"]
checksum = "sha256:a7d720fd102b5a0c17ab80e88bb1b0ba12c00745d6f8fa5664776c582634faf3"
url = "https://github.com/micronaut-projects/micronaut-starter/releases/download/v5.0.6/mn-darwin-aarch64-v5.0.6.zip"
url_api = "https://api.github.com/repos/micronaut-projects/micronaut-starter/releases/assets/487460214"

[tools.micronaut."platforms.macos-x64"]
checksum = "sha256:4596f65e81da7669956fe464b2a1ae90e1480b98a2f72655905941b58cf79de1"
url = "https://github.com/micronaut-projects/micronaut-starter/releases/download/v5.0.6/mn-darwin-amd64-v5.0.6.zip"
url_api = "https://api.github.com/repos/micronaut-projects/micronaut-starter/releases/assets/487443861"

[tools.micronaut."platforms.windows-x64"]
checksum = "sha256:a9293364f3b6d863ccce971b27041c2e40fb54af81a9c6e7af34ad3046a9e1ea"
url = "https://github.com/micronaut-projects/micronaut-starter/releases/download/v5.0.6/mn-win-amd64-v5.0.6.zip"
url_api = "https://api.github.com/repos/micronaut-projects/micronaut-starter/releases/assets/487445128"

[[tools.spring-boot]]
version = "4.1.0"
backend = "asdf:spring-boot"
