# @generated - this file is auto-generated by `mise lock` https://mise.en.dev/dev-tools/mise-lock.html

[[tools.aqua]]
version = "2.60.1"
backend = "github:aquaproj/aqua"

[tools.aqua."platforms.linux-arm64"]
checksum = "sha256:c203124300502abc7f338a0d460810cee769049d44348c8fadb5eee90119ecdd"
url = "https://github.com/aquaproj/aqua/releases/download/v2.60.1/aqua_linux_arm64.tar.gz"
url_api = "https://api.github.com/repos/aquaproj/aqua/releases/assets/448669473"
provenance = "github-attestations"

[tools.aqua."platforms.linux-arm64-musl"]
checksum = "sha256:c203124300502abc7f338a0d460810cee769049d44348c8fadb5eee90119ecdd"
url = "https://github.com/aquaproj/aqua/releases/download/v2.60.1/aqua_linux_arm64.tar.gz"
url_api = "https://api.github.com/repos/aquaproj/aqua/releases/assets/448669473"
provenance = "github-attestations"

[tools.aqua."platforms.linux-x64"]
checksum = "sha256:d6f920201c71fb42881af51f8f63c3f06da778b38399248b2c777a288ebe3884"
url = "https://github.com/aquaproj/aqua/releases/download/v2.60.1/aqua_linux_amd64.tar.gz"
url_api = "https://api.github.com/repos/aquaproj/aqua/releases/assets/448669470"
provenance = "github-attestations"

[tools.aqua."platforms.linux-x64-musl"]
checksum = "sha256:d6f920201c71fb42881af51f8f63c3f06da778b38399248b2c777a288ebe3884"
url = "https://github.com/aquaproj/aqua/releases/download/v2.60.1/aqua_linux_amd64.tar.gz"
url_api = "https://api.github.com/repos/aquaproj/aqua/releases/assets/448669470"
provenance = "github-attestations"

[tools.aqua."platforms.macos-arm64"]
checksum = "sha256:19a5ab28a1238c4bbe06c40bcbce36e78b52838bb055d0d57cd4a844d165bdc4"
url = "https://github.com/aquaproj/aqua/releases/download/v2.60.1/aqua_darwin_arm64.tar.gz"
url_api = "https://api.github.com/repos/aquaproj/aqua/releases/assets/448669464"
provenance = "github-attestations"

[tools.aqua."platforms.macos-x64"]
checksum = "sha256:b029c349ac4c4bfd1f7ff3461a805f2dcf3690def18823b08c53fc77f1213b27"
url = "https://github.com/aquaproj/aqua/releases/download/v2.60.1/aqua_darwin_amd64.tar.gz"
url_api = "https://api.github.com/repos/aquaproj/aqua/releases/assets/448669463"
provenance = "github-attestations"

[tools.aqua."platforms.windows-x64"]
checksum = "sha256:fc0a9f4087297ec16b62a709b4cfffafef321d39250787957e9953c5e1fe9316"
url = "https://github.com/aquaproj/aqua/releases/download/v2.60.1/aqua_windows_amd64.zip"
url_api = "https://api.github.com/repos/aquaproj/aqua/releases/assets/448669481"
provenance = "github-attestations"

[[tools.editorconfig-checker]]
version = "3.7.0"
backend = "aqua:editorconfig-checker/editorconfig-checker"

[[tools.gradle]]
version = "9.6.0"
backend = "aqua:gradle/gradle"

[tools.gradle."platforms.linux-arm64"]
checksum = "sha256:bbaeb2fef8710818cf0e261201dab964c572f92b942812df0c3620d62a529a01"
url = "https://github.com/gradle/gradle-distributions/releases/download/v9.6.0/gradle-9.6.0-bin.zip"

[tools.gradle."platforms.linux-arm64-musl"]
checksum = "sha256:bbaeb2fef8710818cf0e261201dab964c572f92b942812df0c3620d62a529a01"
url = "https://github.com/gradle/gradle-distributions/releases/download/v9.6.0/gradle-9.6.0-bin.zip"

[tools.gradle."platforms.linux-x64"]
checksum = "sha256:bbaeb2fef8710818cf0e261201dab964c572f92b942812df0c3620d62a529a01"
url = "https://github.com/gradle/gradle-distributions/releases/download/v9.6.0/gradle-9.6.0-bin.zip"

[tools.gradle."platforms.linux-x64-musl"]
checksum = "sha256:bbaeb2fef8710818cf0e261201dab964c572f92b942812df0c3620d62a529a01"
url = "https://github.com/gradle/gradle-distributions/releases/download/v9.6.0/gradle-9.6.0-bin.zip"

[tools.gradle."platforms.macos-arm64"]
checksum = "sha256:bbaeb2fef8710818cf0e261201dab964c572f92b942812df0c3620d62a529a01"
url = "https://github.com/gradle/gradle-distributions/releases/download/v9.6.0/gradle-9.6.0-bin.zip"

[tools.gradle."platforms.macos-x64"]
checksum = "sha256:bbaeb2fef8710818cf0e261201dab964c572f92b942812df0c3620d62a529a01"
url = "https://github.com/gradle/gradle-distributions/releases/download/v9.6.0/gradle-9.6.0-bin.zip"

[tools.gradle."platforms.windows-x64"]
checksum = "sha256:bbaeb2fef8710818cf0e261201dab964c572f92b942812df0c3620d62a529a01"
url = "https://github.com/gradle/gradle-distributions/releases/download/v9.6.0/gradle-9.6.0-bin.zip"

[[tools.java]]
version = "26.0.1+8"
backend = "core:java"

[tools.java.options]
shorthand_vendor = "temurin"

[[tools.kotlin]]
version = "2.4.0"
backend = "github:JetBrains/kotlin"

[tools.kotlin.options]
asset_pattern = "kotlin-compiler-*.zip"

[[tools.kscript]]
version = "4.2.3"
backend = "github:kscripting/kscript"

[[tools.maven]]
version = "3.9.16"
backend = "aqua:apache/maven"

[[tools.micronaut]]
version = "5.0.2"
backend = "github:micronaut-projects/micronaut-starter"

[[tools.spring-boot]]
version = "4.1.0"
backend = "asdf:spring-boot"
